
Microsoft Visual Studio Solution File, Format Version 12.00
# Visual Studio Version 17
VisualStudioVersion = 17.7.34018.315
MinimumVisualStudioVersion = 10.0.40219.1
Project("{FAE04EC0-301F-11D3-BF4B-00C04F79EFBC}") = "SimpleDashBoard", "SimpleDashBoard.csproj", "{71F6B075-2950-444E-9EE2-53B471568FF8}"
EndProject
Project("{FAE04EC0-301F-11D3-BF4B-00C04F79EFBC}") = "SimpleDashBoard.UI", "SimpleDashBoard.UI\SimpleDashBoard.UI.csproj", "{2F08AF19-402B-4118-B81F-D1BDE78C95E9}"
EndProject
Global
	GlobalSection(SolutionConfigurationPlatforms) = preSolution
		Debug|Any CPU = Debug|Any CPU
		Release|Any CPU = Release|Any CPU
	EndGlobalSection
	GlobalSection(ProjectConfigurationPlatforms) = postSolution
		{71F6B075-2950-444E-9EE2-53B471568FF8}.Debug|Any CPU.ActiveCfg = Debug|Any CPU
		{71F6B075-2950-444E-9EE2-53B471568FF8}.Debug|Any CPU.Build.0 = Debug|Any CPU
		{71F6B075-2950-444E-9EE2-53B471568FF8}.Release|Any CPU.ActiveCfg = Release|Any CPU
		{71F6B075-2950-444E-9EE2-53B471568FF8}.Release|Any CPU.Build.0 = Release|Any CPU
		{2F08AF19-402B-4118-B81F-D1BDE78C95E9}.Debug|Any CPU.ActiveCfg = Debug|Any CPU
		{2F08AF19-402B-4118-B81F-D1BDE78C95E9}.Debug|Any CPU.Build.0 = Debug|Any CPU
		{2F08AF19-402B-4118-B81F-D1BDE78C95E9}.Release|Any CPU.ActiveCfg = Release|Any CPU
		{2F08AF19-402B-4118-B81F-D1BDE78C95E9}.Release|Any CPU.Build.0 = Release|Any CPU
	EndGlobalSection
	GlobalSection(SolutionProperties) = preSolution
		HideSolutionNode = FALSE
	EndGlobalSection
	GlobalSection(ExtensibilityGlobals) = postSolution
		SolutionGuid = {ED770091-514B-4CA8-8797-87BE205CC318}
	EndGlobalSection
EndGlobal
